// !$*UTF8*$!
{
	archiveVersion = 1;
	classes = {
	};
	objectVersion = 51;
	objects = {

/* Begin PBXBuildFile section */
		63F6F8D12FE339F3A1F8ABF4 /* Pods_instagram.framework in Frameworks */ = {isa = PBXBuildFile; fileRef = 48C1DC31B3E1A0CEBCFB9BEE /* Pods_instagram.framework */; };
		9113A43D257A5196004C0AA0 /* AppDelegate.swift in Sources */ = {isa = PBXBuildFile; fileRef = 9113A43C257A5196004C0AA0 /* AppDelegate.swift */; };
		9113A43F257A5196004C0AA0 /* SceneDelegate.swift in Sources */ = {isa = PBXBuildFile; fileRef = 9113A43E257A5196004C0AA0 /* SceneDelegate.swift */; };
		9113A444257A5196004C0AA0 /* Main.storyboard in Resources */ = {isa = PBXBuildFile; fileRef = 9113A442257A5196004C0AA0 /* Main.storyboard */; };
		9113A446257A519F004C0AA0 /* Assets.xcassets in Resources */ = {isa = PBXBuildFile; fileRef = 9113A445257A519F004C0AA0 /* Assets.xcassets */; };
		9113A449257A519F004C0AA0 /* LaunchScreen.storyboard in Resources */ = {isa = PBXBuildFile; fileRef = 9113A447257A519F004C0AA0 /* LaunchScreen.storyboard */; };
		9113A463257B9B29004C0AA0 /* TabBarController.swift in Sources */ = {isa = PBXBuildFile; fileRef = 9113A462257B9B29004C0AA0 /* TabBarController.swift */; };
		91232F1D257E277700496FC4 /* LoginViewController.swift in Sources */ = {isa = PBXBuildFile; fileRef = 91232F1C257E277700496FC4 /* LoginViewController.swift */; };
		91232F1F257E279900496FC4 /* SettingViewController.swift in Sources */ = {isa = PBXBuildFile; fileRef = 91232F1E257E279900496FC4 /* SettingViewController.swift */; };
		91232F21257E27B100496FC4 /* PostViewController.swift in Sources */ = {isa = PBXBuildFile; fileRef = 91232F20257E27B100496FC4 /* PostViewController.swift */; };
		91232F23257E27C600496FC4 /* ImageSelectViewController.swift in Sources */ = {isa = PBXBuildFile; fileRef = 91232F22257E27C600496FC4 /* ImageSelectViewController.swift */; };
		91232F25257E27D600496FC4 /* HomeViewController.swift in Sources */ = {isa = PBXBuildFile; fileRef = 91232F24257E27D600496FC4 /* HomeViewController.swift */; };
		916E1BF9257F927F0013AB8F /* GoogleService-Info.plist in Resources */ = {isa = PBXBuildFile; fileRef = 916E1BF8257F927F0013AB8F /* GoogleService-Info.plist */; };
		918DF81E2581E92600D2953B /* Const.swift in Sources */ = {isa = PBXBuildFile; fileRef = 918DF81D2581E92600D2953B /* Const.swift */; };
		918DF82025820FF900D2953B /* PostData.swift in Sources */ = {isa = PBXBuildFile; fileRef = 918DF81F25820FF900D2953B /* PostData.swift */; };
		918DF823258210B200D2953B /* PostTableViewCell.swift in Sources */ = {isa = PBXBuildFile; fileRef = 918DF821258210B200D2953B /* PostTableViewCell.swift */; };
		918DF824258210B200D2953B /* PostTableViewCell.xib in Resources */ = {isa = PBXBuildFile; fileRef = 918DF822258210B200D2953B /* PostTableViewCell.xib */; };
		918DF828258777E600D2953B /* CommentViewController.swift in Sources */ = {isa = PBXBuildFile; fileRef = 918DF827258777E600D2953B /* CommentViewController.swift */; };
/* End PBXBuildFile section */

/* Begin PBXFileReference section */
		48C1DC31B3E1A0CEBCFB9BEE /* Pods_instagram.framework */ = {isa = PBXFileReference; explicitFileType = wrapper.framework; includeInIndex = 0; path = Pods_instagram.framework; sourceTree = BUILT_PRODUCTS_DIR; };
		9113A439257A5196004C0AA0 /* instagram.app */ = {isa = PBXFileReference; explicitFileType = wrapper.application; includeInIndex = 0; path = instagram.app; sourceTree = BUILT_PRODUCTS_DIR; };
		9113A43C257A5196004C0AA0 /* AppDelegate.swift */ = {isa = PBXFileReference; lastKnownFileType = sourcecode.swift; path = AppDelegate.swift; sourceTree = "<group>"; };
		9113A43E257A5196004C0AA0 /* SceneDelegate.swift */ = {isa = PBXFileReference; lastKnownFileType = sourcecode.swift; path = SceneDelegate.swift; sourceTree = "<group>"; };
		9113A443257A5196004C0AA0 /* Base */ = {isa = PBXFileReference; lastKnownFileType = file.storyboard; name = Base; path = Base.lproj/Main.storyboard; sourceTree = "<group>"; };
		9113A445257A519F004C0AA0 /* Assets.xcassets */ = {isa = PBXFileReference; lastKnownFileType = folder.assetcatalog; path = Assets.xcassets; sourceTree = "<group>"; };
		9113A448257A519F004C0AA0 /* Base */ = {isa = PBXFileReference; lastKnownFileType = file.storyboard; name = Base; path = Base.lproj/LaunchScreen.storyboard; sourceTree = "<group>"; };
		9113A44A257A519F004C0AA0 /* Info.plist */ = {isa = PBXFileReference; lastKnownFileType = text.plist.xml; path = Info.plist; sourceTree = "<group>"; };
		9113A462257B9B29004C0AA0 /* TabBarController.swift */ = {isa = PBXFileReference; lastKnownFileType = sourcecode.swift; path = TabBarController.swift; sourceTree = "<group>"; };
		91232F1C257E277700496FC4 /* LoginViewController.swift */ = {isa = PBXFileReference; lastKnownFileType = sourcecode.swift; path = LoginViewController.swift; sourceTree = "<group>"; };
		91232F1E257E279900496FC4 /* SettingViewController.swift */ = {isa = PBXFileReference; lastKnownFileType = sourcecode.swift; path = SettingViewController.swift; sourceTree = "<group>"; };
		91232F20257E27B100496FC4 /* PostViewController.swift */ = {isa = PBXFileReference; lastKnownFileType = sourcecode.swift; path = PostViewController.swift; sourceTree = "<group>"; };
		91232F22257E27C600496FC4 /* ImageSelectViewController.swift */ = {isa = PBXFileReference; lastKnownFileType = sourcecode.swift; path = ImageSelectViewController.swift; sourceTree = "<group>"; };
		91232F24257E27D600496FC4 /* HomeViewController.swift */ = {isa = PBXFileReference; lastKnownFileType = sourcecode.swift; path = HomeViewController.swift; sourceTree = "<group>"; };
		916E1BF8257F927F0013AB8F /* GoogleService-Info.plist */ = {isa = PBXFileReference; fileEncoding = 4; lastKnownFileType = text.plist.xml; path = "GoogleService-Info.plist"; sourceTree = "<group>"; };
		918DF81D2581E92600D2953B /* Const.swift */ = {isa = PBXFileReference; lastKnownFileType = sourcecode.swift; path = Const.swift; sourceTree = "<group>"; };
		918DF81F25820FF900D2953B /* PostData.swift */ = {isa = PBXFileReference; lastKnownFileType = sourcecode.swift; path = PostData.swift; sourceTree = "<group>"; };
		918DF821258210B200D2953B /* PostTableViewCell.swift */ = {isa = PBXFileReference; lastKnownFileType = sourcecode.swift; path = PostTableViewCell.swift; sourceTree = "<group>"; };
		918DF822258210B200D2953B /* PostTableViewCell.xib */ = {isa = PBXFileReference; lastKnownFileType = file.xib; path = PostTableViewCell.xib; sourceTree = "<group>"; };
		918DF827258777E600D2953B /* CommentViewController.swift */ = {isa = PBXFileReference; lastKnownFileType = sourcecode.swift; path = CommentViewController.swift; sourceTree = "<group>"; };
		D986450111E3962473A3AC39 /* Pods-instagram.debug.xcconfig */ = {isa = PBXFileReference; includeInIndex = 1; lastKnownFileType = text.xcconfig; name = "Pods-instagram.debug.xcconfig"; path = "Target Support Files/Pods-instagram/Pods-instagram.debug.xcconfig"; sourceTree = "<group>"; };
		EE8A0F1A91A9C307979B296D /* Pods-instagram.release.xcconfig */ = {isa = PBXFileReference; includeInIndex = 1; lastKnownFileType = text.xcconfig; name = "Pods-instagram.release.xcconfig"; path = "Target Support Files/Pods-instagram/Pods-instagram.release.xcconfig"; sourceTree = "<group>"; };
/* End PBXFileReference section */

/* Begin PBXFrameworksBuildPhase section */
		9113A436257A5196004C0AA0 /* Frameworks */ = {
			isa = PBXFrameworksBuildPhase;
			buildActionMask = 2147483647;
			files = (
				63F6F8D12FE339F3A1F8ABF4 /* Pods_instagram.framework in Frameworks */,
			);
			runOnlyForDeploymentPostprocessing = 0;
		};
/* End PBXFrameworksBuildPhase section */

/* Begin PBXGroup section */
		21E5204A43E0E325C36C70AF /* Pods */ = {
			isa = PBXGroup;
			children = (
				D986450111E3962473A3AC39 /* Pods-instagram.debug.xcconfig */,
				EE8A0F1A91A9C307979B296D /* Pods-instagram.release.xcconfig */,
			);
			path = Pods;
			sourceTree = "<group>";
		};
		53C94406CD0CA1A1BF07BD52 /* Frameworks */ = {
			isa = PBXGroup;
			children = (
				48C1DC31B3E1A0CEBCFB9BEE /* Pods_instagram.framework */,
			);
			name = Frameworks;
			sourceTree = "<group>";
		};
		9113A430257A5196004C0AA0 = {
			isa = PBXGroup;
			children = (
				9113A43B257A5196004C0AA0 /* instagram */,
				9113A43A257A5196004C0AA0 /* Products */,
				21E5204A43E0E325C36C70AF /* Pods */,
				53C94406CD0CA1A1BF07BD52 /* Frameworks */,
			);
			sourceTree = "<group>";
		};
		9113A43A257A5196004C0AA0 /* Products */ = {
			isa = PBXGroup;
			children = (
				9113A439257A5196004C0AA0 /* instagram.app */,
			);
			name = Products;
			sourceTree = "<group>";
		};
		9113A43B257A5196004C0AA0 /* instagram */ = {
			isa = PBXGroup;
			children = (
				9113A43C257A5196004C0AA0 /* AppDelegate.swift */,
				9113A43E257A5196004C0AA0 /* SceneDelegate.swift */,
				9113A442257A5196004C0AA0 /* Main.storyboard */,
				91232F24257E27D600496FC4 /* HomeViewController.swift */,
				918DF81D2581E92600D2953B /* Const.swift */,
				918DF827258777E600D2953B /* CommentViewController.swift */,
				918DF821258210B200D2953B /* PostTableViewCell.swift */,
				918DF822258210B200D2953B /* PostTableViewCell.xib */,
				918DF81F25820FF900D2953B /* PostData.swift */,
				91232F22257E27C600496FC4 /* ImageSelectViewController.swift */,
				91232F20257E27B100496FC4 /* PostViewController.swift */,
				91232F1E257E279900496FC4 /* SettingViewController.swift */,
				91232F1C257E277700496FC4 /* LoginViewController.swift */,
				9113A445257A519F004C0AA0 /* Assets.xcassets */,
				9113A447257A519F004C0AA0 /* LaunchScreen.storyboard */,
				9113A44A257A519F004C0AA0 /* Info.plist */,
				9113A462257B9B29004C0AA0 /* TabBarController.swift */,
				916E1BF8257F927F0013AB8F /* GoogleService-Info.plist */,
			);
			path = instagram;
			sourceTree = "<group>";
		};
/* End PBXGroup section */

/* Begin PBXNativeTarget section */
		9113A438257A5196004C0AA0 /* instagram */ = {
			isa = PBXNativeTarget;
			buildConfigurationList = 9113A44D257A519F004C0AA0 /* Build configuration list for PBXNativeTarget "instagram" */;
			buildPhases = (
				91578A1392D96B2FCE4D6B67 /* [CP] Check Pods Manifest.lock */,
				9113A435257A5196004C0AA0 /* Sources */,
				9113A436257A5196004C0AA0 /* Frameworks */,
				9113A437257A5196004C0AA0 /* Resources */,
				690ED0DFD43719CC33AEF635 /* [CP] Embed Pods Frameworks */,
			);
			buildRules = (
			);
			dependencies = (
			);
			name = instagram;
			productName = instagram;
			productReference = 9113A439257A5196004C0AA0 /* instagram.app */;
			productType = "com.apple.product-type.application";
		};
/* End PBXNativeTarget section */

/* Begin PBXProject section */
		9113A431257A5196004C0AA0 /* Project object */ = {
			isa = PBXProject;
			attributes = {
				LastSwiftUpdateCheck = 1150;
				LastUpgradeCheck = 1150;
				ORGANIZATIONNAME = soichiro.okada;
				TargetAttributes = {
					9113A438257A5196004C0AA0 = {
						CreatedOnToolsVersion = 11.5;
					};
				};
			};
			buildConfigurationList = 9113A434257A5196004C0AA0 /* Build configuration list for PBXProject "instagram" */;
			compatibilityVersion = "Xcode 9.3";
			developmentRegion = en;
			hasScannedForEncodings = 0;
			knownRegions = (
				en,
				Base,
			);
			mainGroup = 9113A430257A5196004C0AA0;
			productRefGroup = 9113A43A257A5196004C0AA0 /* Products */;
			projectDirPath = "";
			projectRoot = "";
			targets = (
				9113A438257A5196004C0AA0 /* instagram */,
			);
		};
/* End PBXProject section */

/* Begin PBXResourcesBuildPhase section */
		9113A437257A5196004C0AA0 /* Resources */ = {
			isa = PBXResourcesBuildPhase;
			buildActionMask = 2147483647;
			files = (
				9113A449257A519F004C0AA0 /* LaunchScreen.storyboard in Resources */,
				918DF824258210B200D2953B /* PostTableViewCell.xib in Resources */,
				916E1BF9257F927F0013AB8F /* GoogleService-Info.plist in Resources */,
				9113A446257A519F004C0AA0 /* Assets.xcassets in Resources */,
				9113A444257A5196004C0AA0 /* Main.storyboard in Resources */,
			);
			runOnlyForDeploymentPostprocessing = 0;
		};
/* End PBXResourcesBuildPhase section */

/* Begin PBXShellScriptBuildPhase section */
		690ED0DFD43719CC33AEF635 /* [CP] Embed Pods Frameworks */ = {
			isa = PBXShellScriptBuildPhase;
			buildActionMask = 2147483647;
			files = (
			);
			inputFileListPaths = (
				"${PODS_ROOT}/Target Support Files/Pods-instagram/Pods-instagram-frameworks-${CONFIGURATION}-input-files.xcfilelist",
			);
			name = "[CP] Embed Pods Frameworks";
			outputFileListPaths = (
				"${PODS_ROOT}/Target Support Files/Pods-instagram/Pods-instagram-frameworks-${CONFIGURATION}-output-files.xcfilelist",
			);
			runOnlyForDeploymentPostprocessing = 0;
			shellPath = /bin/sh;
			shellScript = "\"${PODS_ROOT}/Target Support Files/Pods-instagram/Pods-instagram-frameworks.sh\"\n";
			showEnvVarsInLog = 0;
		};
		91578A1392D96B2FCE4D6B67 /* [CP] Check Pods Manifest.lock */ = {
			isa = PBXShellScriptBuildPhase;
			buildActionMask = 2147483647;
			files = (
			);
			inputFileListPaths = (
			);
			inputPaths = (
				"${PODS_PODFILE_DIR_PATH}/Podfile.lock",
				"${PODS_ROOT}/Manifest.lock",
			);
			name = "[CP] Check Pods Manifest.lock";
			outputFileListPaths = (
			);
			outputPaths = (
				"$(DERIVED_FILE_DIR)/Pods-instagram-checkManifestLockResult.txt",
			);
			runOnlyForDeploymentPostprocessing = 0;
			shellPath = /bin/sh;
			shellScript = "diff \"${PODS_PODFILE_DIR_PATH}/Podfile.lock\" \"${PODS_ROOT}/Manifest.lock\" > /dev/null\nif [ $? != 0 ] ; then\n    # print error to STDERR\n    echo \"error: The sandbox is not in sync with the Podfile.lock. Run 'pod install' or update your CocoaPods installation.\" >&2\n    exit 1\nfi\n# This output is used by Xcode 'outputs' to avoid re-running this script phase.\necho \"SUCCESS\" > \"${SCRIPT_OUTPUT_FILE_0}\"\n";
			showEnvVarsInLog = 0;
		};
/* End PBXShellScriptBuildPhase section */

/* Begin PBXSourcesBuildPhase section */
		9113A435257A5196004C0AA0 /* Sources */ = {
			isa = PBXSourcesBuildPhase;
			buildActionMask = 2147483647;
			files = (
				918DF823258210B200D2953B /* PostTableViewCell.swift in Sources */,
				91232F21257E27B100496FC4 /* PostViewController.swift in Sources */,
				91232F1F257E279900496FC4 /* SettingViewController.swift in Sources */,
				91232F1D257E277700496FC4 /* LoginViewController.swift in Sources */,
				91232F25257E27D600496FC4 /* HomeViewController.swift in Sources */,
				91232F23257E27C600496FC4 /* ImageSelectViewController.swift in Sources */,
				918DF82025820FF900D2953B /* PostData.swift in Sources */,
				9113A463257B9B29004C0AA0 /* TabBarController.swift in Sources */,
				918DF828258777E600D2953B /* CommentViewController.swift in Sources */,
				9113A43D257A5196004C0AA0 /* AppDelegate.swift in Sources */,
				9113A43F257A5196004C0AA0 /* SceneDelegate.swift in Sources */,
				918DF81E2581E92600D2953B /* Const.swift in Sources */,
			);
			runOnlyForDeploymentPostprocessing = 0;
		};
/* End PBXSourcesBuildPhase section */

/* Begin PBXVariantGroup section */
		9113A442257A5196004C0AA0 /* Main.storyboard */ = {
			isa = PBXVariantGroup;
			children = (
				9113A443257A5196004C0AA0 /* Base */,
			);
			name = Main.storyboard;
			sourceTree = "<group>";
		};
		9113A447257A519F004C0AA0 /* LaunchScreen.storyboard */ = {
			isa = PBXVariantGroup;
			children = (
				9113A448257A519F004C0AA0 /* Base */,
			);
			name = LaunchScreen.storyboard;
			sourceTree = "<group>";
		};
/* End PBXVariantGroup section */

/* Begin XCBuildConfiguration section */
		9113A44B257A519F004C0AA0 /* Debug */ = {
			isa = XCBuildConfiguration;
			buildSettings = {
				ALWAYS_SEARCH_USER_PATHS = NO;
				CLANG_ANALYZER_NONNULL = YES;
				CLANG_ANALYZER_NUMBER_OBJECT_CONVERSION = YES_AGGRESSIVE;
				CLANG_CXX_LANGUAGE_STANDARD = "gnu++14";
				CLANG_CXX_LIBRARY = "libc++";
				CLANG_ENABLE_MODULES = YES;
				CLANG_ENABLE_OBJC_ARC = YES;
				CLANG_ENABLE_OBJC_WEAK = YES;
				CLANG_WARN_BLOCK_CAPTURE_AUTORELEASING = YES;
				CLANG_WARN_BOOL_CONVERSION = YES;
				CLANG_WARN_COMMA = YES;
				CLANG_WARN_CONSTANT_CONVERSION = YES;
				CLANG_WARN_DEPRECATED_OBJC_IMPLEMENTATIONS = YES;
				CLANG_WARN_DIRECT_OBJC_ISA_USAGE = YES_ERROR;
				CLANG_WARN_DOCUMENTATION_COMMENTS = YES;
				CLANG_WARN_EMPTY_BODY = YES;
				CLANG_WARN_ENUM_CONVERSION = YES;
				CLANG_WARN_INFINITE_RECURSION = YES;
				CLANG_WARN_INT_CONVERSION = YES;
				CLANG_WARN_NON_LITERAL_NULL_CONVERSION = YES;
				CLANG_WARN_OBJC_IMPLICIT_RETAIN_SELF = YES;
				CLANG_WARN_OBJC_LITERAL_CONVERSION = YES;
				CLANG_WARN_OBJC_ROOT_CLASS = YES_ERROR;
				CLANG_WARN_RANGE_LOOP_ANALYSIS = YES;
				CLANG_WARN_STRICT_PROTOTYPES = YES;
				CLANG_WARN_SUSPICIOUS_MOVE = YES;
				CLANG_WARN_UNGUARDED_AVAILABILITY = YES_AGGRESSIVE;
				CLANG_WARN_UNREACHABLE_CODE = YES;
				CLANG_WARN__DUPLICATE_METHOD_MATCH = YES;
				COPY_PHASE_STRIP = NO;
				DEBUG_INFORMATION_FORMAT = dwarf;
				ENABLE_STRICT_OBJC_MSGSEND = YES;
				ENABLE_TESTABILITY = YES;
				GCC_C_LANGUAGE_STANDARD = gnu11;
				GCC_DYNAMIC_NO_PIC = NO;
				GCC_NO_COMMON_BLOCKS = YES;
				GCC_OPTIMIZATION_LEVEL = 0;
				GCC_PREPROCESSOR_DEFINITIONS = (
					"DEBUG=1",
					"$(inherited)",
				);
				GCC_WARN_64_TO_32_BIT_CONVERSION = YES;
				GCC_WARN_ABOUT_RETURN_TYPE = YES_ERROR;
				GCC_WARN_UNDECLARED_SELECTOR = YES;
				GCC_WARN_UNINITIALIZED_AUTOS = YES_AGGRESSIVE;
				GCC_WARN_UNUSED_FUNCTION = YES;
				GCC_WARN_UNUSED_VARIABLE = YES;
				IPHONEOS_DEPLOYMENT_TARGET = 13.5;
				MTL_ENABLE_DEBUG_INFO = INCLUDE_SOURCE;
				MTL_FAST_MATH = YES;
				ONLY_ACTIVE_ARCH = YES;
				SDKROOT = iphoneos;
				SWIFT_ACTIVE_COMPILATION_CONDITIONS = DEBUG;
				SWIFT_OPTIMIZATION_LEVEL = "-Onone";
			};
			name = Debug;
		};
		9113A44C257A519F004C0AA0 /* Release */ = {
			isa = XCBuildConfiguration;
			buildSettings = {
				ALWAYS_SEARCH_USER_PATHS = NO;
				CLANG_ANALYZER_NONNULL = YES;
				CLANG_ANALYZER_NUMBER_OBJECT_CONVERSION = YES_AGGRESSIVE;
				CLANG_CXX_LANGUAGE_STANDARD = "gnu++14";
				CLANG_CXX_LIBRARY = "libc++";
				CLANG_ENABLE_MODULES = YES;
				CLANG_ENABLE_OBJC_ARC = YES;
				CLANG_ENABLE_OBJC_WEAK = YES;
				CLANG_WARN_BLOCK_CAPTURE_AUTORELEASING = YES;
				CLANG_WARN_BOOL_CONVERSION = YES;
				CLANG_WARN_COMMA = YES;
				CLANG_WARN_CONSTANT_CONVERSION = YES;
				CLANG_WARN_DEPRECATED_OBJC_IMPLEMENTATIONS = YES;
				CLANG_WARN_DIRECT_OBJC_ISA_USAGE = YES_ERROR;
				CLANG_WARN_DOCUMENTATION_COMMENTS = YES;
				CLANG_WARN_EMPTY_BODY = YES;
				CLANG_WARN_ENUM_CONVERSION = YES;
				CLANG_WARN_INFINITE_RECURSION = YES;
				CLANG_WARN_INT_CONVERSION = YES;
				CLANG_WARN_NON_LITERAL_NULL_CONVERSION = YES;
				CLANG_WARN_OBJC_IMPLICIT_RETAIN_SELF = YES;
				CLANG_WARN_OBJC_LITERAL_CONVERSION = YES;
				CLANG_WARN_OBJC_ROOT_CLASS = YES_ERROR;
				CLANG_WARN_RANGE_LOOP_ANALYSIS = YES;
				CLANG_WARN_STRICT_PROTOTYPES = YES;
				CLANG_WARN_SUSPICIOUS_MOVE = YES;
				CLANG_WARN_UNGUARDED_AVAILABILITY = YES_AGGRESSIVE;
				CLANG_WARN_UNREACHABLE_CODE = YES;
				CLANG_WARN__DUPLICATE_METHOD_MATCH = YES;
				COPY_PHASE_STRIP = NO;
				DEBUG_INFORMATION_FORMAT = "dwarf-with-dsym";
				ENABLE_NS_ASSERTIONS = NO;
				ENABLE_STRICT_OBJC_MSGSEND = YES;
				GCC_C_LANGUAGE_STANDARD = gnu11;
				GCC_NO_COMMON_BLOCKS = YES;
				GCC_WARN_64_TO_32_BIT_CONVERSION = YES;
				GCC_WARN_ABOUT_RETURN_TYPE = YES_ERROR;
				GCC_WARN_UNDECLARED_SELECTOR = YES;
				GCC_WARN_UNINITIALIZED_AUTOS = YES_AGGRESSIVE;
				GCC_WARN_UNUSED_FUNCTION = YES;
				GCC_WARN_UNUSED_VARIABLE = YES;
				IPHONEOS_DEPLOYMENT_TARGET = 13.5;
				MTL_ENABLE_DEBUG_INFO = NO;
				MTL_FAST_MATH = YES;
				SDKROOT = iphoneos;
				SWIFT_COMPILATION_MODE = wholemodule;
				SWIFT_OPTIMIZATION_LEVEL = "-O";
				VALIDATE_PRODUCT = YES;
			};
			name = Release;
		};
		9113A44E257A519F004C0AA0 /* Debug */ = {
			isa = XCBuildConfiguration;
			baseConfigurationReference = D986450111E3962473A3AC39 /* Pods-instagram.debug.xcconfig */;
			buildSettings = {
				ASSETCATALOG_COMPILER_APPICON_NAME = AppIcon;
				CODE_SIGN_STYLE = Automatic;
				DEVELOPMENT_TEAM = T9AY7JV4BC;
				INFOPLIST_FILE = instagram/Info.plist;
				LD_RUNPATH_SEARCH_PATHS = (
					"$(inherited)",
					"@executable_path/Frameworks",
				);
				PRODUCT_BUNDLE_IDENTIFIER = jp.techacademy.soichiro.okada.instagram;
				PRODUCT_NAME = "$(TARGET_NAME)";
				SWIFT_VERSION = 5.0;
				TARGETED_DEVICE_FAMILY = 1;
			};
			name = Debug;
		};
		9113A44F257A519F004C0AA0 /* Release */ = {
			isa = XCBuildConfiguration;
			baseConfigurationReference = EE8A0F1A91A9C307979B296D /* Pods-instagram.release.xcconfig */;
			buildSettings = {
				ASSETCATALOG_COMPILER_APPICON_NAME = AppIcon;
				CODE_SIGN_STYLE = Automatic;
				DEVELOPMENT_TEAM = T9AY7JV4BC;
				INFOPLIST_FILE = instagram/Info.plist;
				LD_RUNPATH_SEARCH_PATHS = (
					"$(inherited)",
					"@executable_path/Frameworks",
				);
				PRODUCT_BUNDLE_IDENTIFIER = jp.techacademy.soichiro.okada.instagram;
				PRODUCT_NAME = "$(TARGET_NAME)";
				SWIFT_VERSION = 5.0;
				TARGETED_DEVICE_FAMILY = 1;
			};
			name = Release;
		};
/* End XCBuildConfiguration section */

/* Begin XCConfigurationList section */
		9113A434257A5196004C0AA0 /* Build configuration list for PBXProject "instagram" */ = {
			isa = XCConfigurationList;
			buildConfigurations = (
				9113A44B257A519F004C0AA0 /* Debug */,
				9113A44C257A519F004C0AA0 /* Release */,
			);
			defaultConfigurationIsVisible = 0;
			defaultConfigurationName = Release;
		};
		9113A44D257A519F004C0AA0 /* Build configuration list for PBXNativeTarget "instagram" */ = {
			isa = XCConfigurationList;
			buildConfigurations = (
				9113A44E257A519F004C0AA0 /* Debug */,
				9113A44F257A519F004C0AA0 /* Release */,
			);
			defaultConfigurationIsVisible = 0;
			defaultConfigurationName = Release;
		};
/* End XCConfigurationList section */
	};
	rootObject = 9113A431257A5196004C0AA0 /* Project object */;
}
